// !$*UTF8*$!
{
	archiveVersion = 1;
	classes = {
	};
	objectVersion = 50;
	objects = {

/* Begin PBXBuildFile section */
		0B6175EED6813AD255787289 /* Pods_sfWeatherApp.framework in Frameworks */ = {isa = PBXBuildFile; fileRef = 52B3DC24BD5339E5A37006D6 /* Pods_sfWeatherApp.framework */; };
		9FA98F1E22C724EF00985200 /* AppDelegate.swift in Sources */ = {isa = PBXBuildFile; fileRef = 9FA98F1D22C724EF00985200 /* AppDelegate.swift */; };
		9FA98F2322C724EF00985200 /* Main.storyboard in Resources */ = {isa = PBXBuildFile; fileRef = 9FA98F2122C724EF00985200 /* Main.storyboard */; };
		9FA98F2522C724F100985200 /* Assets.xcassets in Resources */ = {isa = PBXBuildFile; fileRef = 9FA98F2422C724F100985200 /* Assets.xcassets */; };
		9FA98F2822C724F100985200 /* LaunchScreen.storyboard in Resources */ = {isa = PBXBuildFile; fileRef = 9FA98F2622C724F100985200 /* LaunchScreen.storyboard */; };
		9FA98F3322C724F100985200 /* sfWeatherAppTests.swift in Sources */ = {isa = PBXBuildFile; fileRef = 9FA98F3222C724F100985200 /* sfWeatherAppTests.swift */; };
		9FA98F3E22C724F100985200 /* sfWeatherAppUITests.swift in Sources */ = {isa = PBXBuildFile; fileRef = 9FA98F3D22C724F100985200 /* sfWeatherAppUITests.swift */; };
		9FA98F4D22C7476B00985200 /* HomeViewModel.swift in Sources */ = {isa = PBXBuildFile; fileRef = 9FA98F4C22C7476B00985200 /* HomeViewModel.swift */; };
		9FA98F5322C74DAE00985200 /* HomeViewController.swift in Sources */ = {isa = PBXBuildFile; fileRef = 9FA98F5222C74DAE00985200 /* HomeViewController.swift */; };
		9FA98F5722C7507700985200 /* OWModel.swift in Sources */ = {isa = PBXBuildFile; fileRef = 9FA98F5622C7507700985200 /* OWModel.swift */; };
		9FA98F5922C760C100985200 /* Dynamic.swift in Sources */ = {isa = PBXBuildFile; fileRef = 9FA98F5822C760C100985200 /* Dynamic.swift */; };
		9FA98F5D22C76B2800985200 /* OWService.swift in Sources */ = {isa = PBXBuildFile; fileRef = 9FA98F5C22C76B2800985200 /* OWService.swift */; };
		9FA98F5F22C7B50600985200 /* BaseService.swift in Sources */ = {isa = PBXBuildFile; fileRef = 9FA98F5E22C7B50600985200 /* BaseService.swift */; };
		9FA98F6222C7E98600985200 /* UIViewController+Keyboard.swift in Sources */ = {isa = PBXBuildFile; fileRef = 9FA98F6122C7E98600985200 /* UIViewController+Keyboard.swift */; };
		9FA98F6422C8138A00985200 /* SearchHistoryViewController.swift in Sources */ = {isa = PBXBuildFile; fileRef = 9FA98F6322C8138A00985200 /* SearchHistoryViewController.swift */; };
		9FF1FE5F22C88E06000A517E /* SearchHistoryRepository.swift in Sources */ = {isa = PBXBuildFile; fileRef = 9FF1FE5E22C88E06000A517E /* SearchHistoryRepository.swift */; };
		9FF1FE6322C8C0FD000A517E /* BaseSQLiteRepository.swift in Sources */ = {isa = PBXBuildFile; fileRef = 9FF1FE6222C8C0FC000A517E /* BaseSQLiteRepository.swift */; };
		9FF1FE6522C8C834000A517E /* SearchHistoryModel.swift in Sources */ = {isa = PBXBuildFile; fileRef = 9FF1FE6422C8C834000A517E /* SearchHistoryModel.swift */; };
		9FF1FE6722C8F9D4000A517E /* SearchHistoryViewModel.swift in Sources */ = {isa = PBXBuildFile; fileRef = 9FF1FE6622C8F9D4000A517E /* SearchHistoryViewModel.swift */; };
		9FF1FE6922C91038000A517E /* Date+Timestamp.swift in Sources */ = {isa = PBXBuildFile; fileRef = 9FF1FE6822C91038000A517E /* Date+Timestamp.swift */; };
		9FF1FE6D22C9171C000A517E /* SearchHistoryTableViewCellViewModel.swift in Sources */ = {isa = PBXBuildFile; fileRef = 9FF1FE6C22C9171C000A517E /* SearchHistoryTableViewCellViewModel.swift */; };
/* End PBXBuildFile section */

/* Begin PBXContainerItemProxy section */
		9FA98F2F22C724F100985200 /* PBXContainerItemProxy */ = {
			isa = PBXContainerItemProxy;
			containerPortal = 9FA98F1222C724EE00985200 /* Project object */;
			proxyType = 1;
			remoteGlobalIDString = 9FA98F1922C724EE00985200;
			remoteInfo = "sfWeatherApp-ios-mvvm";
		};
		9FA98F3A22C724F100985200 /* PBXContainerItemProxy */ = {
			isa = PBXContainerItemProxy;
			containerPortal = 9FA98F1222C724EE00985200 /* Project object */;
			proxyType = 1;
			remoteGlobalIDString = 9FA98F1922C724EE00985200;
			remoteInfo = "sfWeatherApp-ios-mvvm";
		};
/* End PBXContainerItemProxy section */

/* Begin PBXFileReference section */
		0255D74C8874EC13091A789A /* Pods-sfWeatherApp.debug.xcconfig */ = {isa = PBXFileReference; includeInIndex = 1; lastKnownFileType = text.xcconfig; name = "Pods-sfWeatherApp.debug.xcconfig"; path = "Target Support Files/Pods-sfWeatherApp/Pods-sfWeatherApp.debug.xcconfig"; sourceTree = "<group>"; };
		52B3DC24BD5339E5A37006D6 /* Pods_sfWeatherApp.framework */ = {isa = PBXFileReference; explicitFileType = wrapper.framework; includeInIndex = 0; path = Pods_sfWeatherApp.framework; sourceTree = BUILT_PRODUCTS_DIR; };
		9FA98F1A22C724EE00985200 /* sfWeatherApp.app */ = {isa = PBXFileReference; explicitFileType = wrapper.application; includeInIndex = 0; path = sfWeatherApp.app; sourceTree = BUILT_PRODUCTS_DIR; };
		9FA98F1D22C724EF00985200 /* AppDelegate.swift */ = {isa = PBXFileReference; lastKnownFileType = sourcecode.swift; path = AppDelegate.swift; sourceTree = "<group>"; };
		9FA98F2222C724EF00985200 /* Base */ = {isa = PBXFileReference; lastKnownFileType = file.storyboard; name = Base; path = Base.lproj/Main.storyboard; sourceTree = "<group>"; };
		9FA98F2422C724F100985200 /* Assets.xcassets */ = {isa = PBXFileReference; lastKnownFileType = folder.assetcatalog; path = Assets.xcassets; sourceTree = "<group>"; };
		9FA98F2722C724F100985200 /* Base */ = {isa = PBXFileReference; lastKnownFileType = file.storyboard; name = Base; path = Base.lproj/LaunchScreen.storyboard; sourceTree = "<group>"; };
		9FA98F2922C724F100985200 /* Info.plist */ = {isa = PBXFileReference; lastKnownFileType = text.plist.xml; path = Info.plist; sourceTree = "<group>"; };
		9FA98F2E22C724F100985200 /* sfWeatherAppTests.xctest */ = {isa = PBXFileReference; explicitFileType = wrapper.cfbundle; includeInIndex = 0; path = sfWeatherAppTests.xctest; sourceTree = BUILT_PRODUCTS_DIR; };
		9FA98F3222C724F100985200 /* sfWeatherAppTests.swift */ = {isa = PBXFileReference; lastKnownFileType = sourcecode.swift; path = sfWeatherAppTests.swift; sourceTree = "<group>"; };
		9FA98F3422C724F100985200 /* Info.plist */ = {isa = PBXFileReference; lastKnownFileType = text.plist.xml; path = Info.plist; sourceTree = "<group>"; };
		9FA98F3922C724F100985200 /* sfWeatherAppUITests.xctest */ = {isa = PBXFileReference; explicitFileType = wrapper.cfbundle; includeInIndex = 0; path = sfWeatherAppUITests.xctest; sourceTree = BUILT_PRODUCTS_DIR; };
		9FA98F3D22C724F100985200 /* sfWeatherAppUITests.swift */ = {isa = PBXFileReference; lastKnownFileType = sourcecode.swift; path = sfWeatherAppUITests.swift; sourceTree = "<group>"; };
		9FA98F3F22C724F100985200 /* Info.plist */ = {isa = PBXFileReference; lastKnownFileType = text.plist.xml; path = Info.plist; sourceTree = "<group>"; };
		9FA98F4C22C7476B00985200 /* HomeViewModel.swift */ = {isa = PBXFileReference; lastKnownFileType = sourcecode.swift; path = HomeViewModel.swift; sourceTree = "<group>"; };
		9FA98F5222C74DAE00985200 /* HomeViewController.swift */ = {isa = PBXFileReference; fileEncoding = 4; lastKnownFileType = sourcecode.swift; name = HomeViewController.swift; path = sfWeatherApp/ViewControllers/HomeViewController.swift; sourceTree = SOURCE_ROOT; };
		9FA98F5622C7507700985200 /* OWModel.swift */ = {isa = PBXFileReference; lastKnownFileType = sourcecode.swift; path = OWModel.swift; sourceTree = "<group>"; };
		9FA98F5822C760C100985200 /* Dynamic.swift */ = {isa = PBXFileReference; lastKnownFileType = sourcecode.swift; path = Dynamic.swift; sourceTree = "<group>"; };
		9FA98F5C22C76B2800985200 /* OWService.swift */ = {isa = PBXFileReference; lastKnownFileType = sourcecode.swift; path = OWService.swift; sourceTree = "<group>"; };
		9FA98F5E22C7B50600985200 /* BaseService.swift */ = {isa = PBXFileReference; lastKnownFileType = sourcecode.swift; path = BaseService.swift; sourceTree = "<group>"; };
		9FA98F6122C7E98600985200 /* UIViewController+Keyboard.swift */ = {isa = PBXFileReference; lastKnownFileType = sourcecode.swift; path = "UIViewController+Keyboard.swift"; sourceTree = "<group>"; };
		9FA98F6322C8138A00985200 /* SearchHistoryViewController.swift */ = {isa = PBXFileReference; lastKnownFileType = sourcecode.swift; path = SearchHistoryViewController.swift; sourceTree = "<group>"; };
		9FF1FE5E22C88E06000A517E /* SearchHistoryRepository.swift */ = {isa = PBXFileReference; lastKnownFileType = sourcecode.swift; path = SearchHistoryRepository.swift; sourceTree = "<group>"; };
		9FF1FE6222C8C0FC000A517E /* BaseSQLiteRepository.swift */ = {isa = PBXFileReference; lastKnownFileType = sourcecode.swift; path = BaseSQLiteRepository.swift; sourceTree = "<group>"; };
		9FF1FE6422C8C834000A517E /* SearchHistoryModel.swift */ = {isa = PBXFileReference; lastKnownFileType = sourcecode.swift; path = SearchHistoryModel.swift; sourceTree = "<group>"; };
		9FF1FE6622C8F9D4000A517E /* SearchHistoryViewModel.swift */ = {isa = PBXFileReference; lastKnownFileType = sourcecode.swift; path = SearchHistoryViewModel.swift; sourceTree = "<group>"; };
		9FF1FE6822C91038000A517E /* Date+Timestamp.swift */ = {isa = PBXFileReference; lastKnownFileType = sourcecode.swift; path = "Date+Timestamp.swift"; sourceTree = "<group>"; };
		9FF1FE6C22C9171C000A517E /* SearchHistoryTableViewCellViewModel.swift */ = {isa = PBXFileReference; fileEncoding = 4; lastKnownFileType = sourcecode.swift; path = SearchHistoryTableViewCellViewModel.swift; sourceTree = "<group>"; };
		CF794206D5D9A8D2CBFACF5D /* Pods-sfWeatherApp.release.xcconfig */ = {isa = PBXFileReference; includeInIndex = 1; lastKnownFileType = text.xcconfig; name = "Pods-sfWeatherApp.release.xcconfig"; path = "Target Support Files/Pods-sfWeatherApp/Pods-sfWeatherApp.release.xcconfig"; sourceTree = "<group>"; };
/* End PBXFileReference section */

/* Begin PBXFrameworksBuildPhase section */
		9FA98F1722C724EE00985200 /* Frameworks */ = {
			isa = PBXFrameworksBuildPhase;
			buildActionMask = 2147483647;
			files = (
				0B6175EED6813AD255787289 /* Pods_sfWeatherApp.framework in Frameworks */,
			);
			runOnlyForDeploymentPostprocessing = 0;
		};
		9FA98F2B22C724F100985200 /* Frameworks */ = {
			isa = PBXFrameworksBuildPhase;
			buildActionMask = 2147483647;
			files = (
			);
			runOnlyForDeploymentPostprocessing = 0;
		};
		9FA98F3622C724F100985200 /* Frameworks */ = {
			isa = PBXFrameworksBuildPhase;
			buildActionMask = 2147483647;
			files = (
			);
			runOnlyForDeploymentPostprocessing = 0;
		};
/* End PBXFrameworksBuildPhase section */

/* Begin PBXGroup section */
		3927A30F02A27A170059BAE6 /* Frameworks */ = {
			isa = PBXGroup;
			children = (
				52B3DC24BD5339E5A37006D6 /* Pods_sfWeatherApp.framework */,
			);
			name = Frameworks;
			sourceTree = "<group>";
		};
		9FA98F1122C724EE00985200 = {
			isa = PBXGroup;
			children = (
				3927A30F02A27A170059BAE6 /* Frameworks */,
				B4EDFE723909BF53AC1E51AD /* Pods */,
				9FA98F1B22C724EE00985200 /* Products */,
				9FA98F1C22C724EF00985200 /* sfWeatherApp */,
				9FA98F3122C724F100985200 /* sfWeatherAppTests */,
				9FA98F3C22C724F100985200 /* sfWeatherAppUITests */,
			);
			sourceTree = "<group>";
		};
		9FA98F1B22C724EE00985200 /* Products */ = {
			isa = PBXGroup;
			children = (
				9FA98F1A22C724EE00985200 /* sfWeatherApp.app */,
				9FA98F2E22C724F100985200 /* sfWeatherAppTests.xctest */,
				9FA98F3922C724F100985200 /* sfWeatherAppUITests.xctest */,
			);
			name = Products;
			sourceTree = "<group>";
		};
		9FA98F1C22C724EF00985200 /* sfWeatherApp */ = {
			isa = PBXGroup;
			children = (
				9FF1FE5D22C88DDD000A517E /* Repositories */,
				9FA98F1D22C724EF00985200 /* AppDelegate.swift */,
				9FA98F2422C724F100985200 /* Assets.xcassets */,
				9FA98F6022C7E94200985200 /* Extensions */,
				9FA98F2922C724F100985200 /* Info.plist */,
				9FA98F2622C724F100985200 /* LaunchScreen.storyboard */,
				9FA98F2122C724EF00985200 /* Main.storyboard */,
				9FA98F5522C7506200985200 /* Models */,
				9FA98F5B22C76A1D00985200 /* Services */,
				9FA98F5A22C7654700985200 /* Utils */,
				9FA98F5422C74F8C00985200 /* ViewControllers */,
				9FA98F4B22C7472C00985200 /* ViewModels */,
			);
			path = sfWeatherApp;
			sourceTree = "<group>";
		};
		9FA98F3122C724F100985200 /* sfWeatherAppTests */ = {
			isa = PBXGroup;
			children = (
				9FA98F3222C724F100985200 /* sfWeatherAppTests.swift */,
				9FA98F3422C724F100985200 /* Info.plist */,
			);
			path = sfWeatherAppTests;
			sourceTree = "<group>";
		};
		9FA98F3C22C724F100985200 /* sfWeatherAppUITests */ = {
			isa = PBXGroup;
			children = (
				9FA98F3D22C724F100985200 /* sfWeatherAppUITests.swift */,
				9FA98F3F22C724F100985200 /* Info.plist */,
			);
			path = sfWeatherAppUITests;
			sourceTree = "<group>";
		};
		9FA98F4B22C7472C00985200 /* ViewModels */ = {
			isa = PBXGroup;
			children = (
				9FF1FE6C22C9171C000A517E /* SearchHistoryTableViewCellViewModel.swift */,
				9FF1FE6622C8F9D4000A517E /* SearchHistoryViewModel.swift */,
				9FA98F4C22C7476B00985200 /* HomeViewModel.swift */,
			);
			path = ViewModels;
			sourceTree = "<group>";
		};
		9FA98F5422C74F8C00985200 /* ViewControllers */ = {
			isa = PBXGroup;
			children = (
				9FA98F6322C8138A00985200 /* SearchHistoryViewController.swift */,
				9FA98F5222C74DAE00985200 /* HomeViewController.swift */,
			);
			path = ViewControllers;
			sourceTree = "<group>";
		};
		9FA98F5522C7506200985200 /* Models */ = {
			isa = PBXGroup;
			children = (
				9FA98F5622C7507700985200 /* OWModel.swift */,
				9FF1FE6422C8C834000A517E /* SearchHistoryModel.swift */,
			);
			path = Models;
			sourceTree = "<group>";
		};
		9FA98F5A22C7654700985200 /* Utils */ = {
			isa = PBXGroup;
			children = (
				9FA98F5822C760C100985200 /* Dynamic.swift */,
			);
			path = Utils;
			sourceTree = "<group>";
		};
		9FA98F5B22C76A1D00985200 /* Services */ = {
			isa = PBXGroup;
			children = (
				9FA98F5C22C76B2800985200 /* OWService.swift */,
				9FA98F5E22C7B50600985200 /* BaseService.swift */,
			);
			path = Services;
			sourceTree = "<group>";
		};
		9FA98F6022C7E94200985200 /* Extensions */ = {
			isa = PBXGroup;
			children = (
				9FF1FE6822C91038000A517E /* Date+Timestamp.swift */,
				9FA98F6122C7E98600985200 /* UIViewController+Keyboard.swift */,
			);
			path = Extensions;
			sourceTree = "<group>";
		};
		9FF1FE5D22C88DDD000A517E /* Repositories */ = {
			isa = PBXGroup;
			children = (
				9FF1FE5E22C88E06000A517E /* SearchHistoryRepository.swift */,
				9FF1FE6222C8C0FC000A517E /* BaseSQLiteRepository.swift */,
			);
			path = Repositories;
			sourceTree = "<group>";
		};
		B4EDFE723909BF53AC1E51AD /* Pods */ = {
			isa = PBXGroup;
			children = (
				0255D74C8874EC13091A789A /* Pods-sfWeatherApp.debug.xcconfig */,
				CF794206D5D9A8D2CBFACF5D /* Pods-sfWeatherApp.release.xcconfig */,
			);
			path = Pods;
			sourceTree = "<group>";
		};
/* End PBXGroup section */

/* Begin PBXNativeTarget section */
		9FA98F1922C724EE00985200 /* sfWeatherApp */ = {
			isa = PBXNativeTarget;
			buildConfigurationList = 9FA98F4222C724F100985200 /* Build configuration list for PBXNativeTarget "sfWeatherApp" */;
			buildPhases = (
				4EF7F72B1CFE78B7841194D2 /* [CP] Check Pods Manifest.lock */,
				9FA98F1622C724EE00985200 /* Sources */,
				9FA98F1722C724EE00985200 /* Frameworks */,
				9FA98F1822C724EE00985200 /* Resources */,
				95F2A2C90283575E5AA8956F /* [CP] Embed Pods Frameworks */,
			);
			buildRules = (
			);
			dependencies = (
			);
			name = sfWeatherApp;
			productName = "sfWeatherApp-ios-mvvm";
			productReference = 9FA98F1A22C724EE00985200 /* sfWeatherApp.app */;
			productType = "com.apple.product-type.application";
		};
		9FA98F2D22C724F100985200 /* sfWeatherAppTests */ = {
			isa = PBXNativeTarget;
			buildConfigurationList = 9FA98F4522C724F100985200 /* Build configuration list for PBXNativeTarget "sfWeatherAppTests" */;
			buildPhases = (
				9FA98F2A22C724F100985200 /* Sources */,
				9FA98F2B22C724F100985200 /* Frameworks */,
				9FA98F2C22C724F100985200 /* Resources */,
			);
			buildRules = (
			);
			dependencies = (
				9FA98F3022C724F100985200 /* PBXTargetDependency */,
			);
			name = sfWeatherAppTests;
			productName = "sfWeatherApp-ios-mvvmTests";
			productReference = 9FA98F2E22C724F100985200 /* sfWeatherAppTests.xctest */;
			productType = "com.apple.product-type.bundle.unit-test";
		};
		9FA98F3822C724F100985200 /* sfWeatherAppUITests */ = {
			isa = PBXNativeTarget;
			buildConfigurationList = 9FA98F4822C724F100985200 /* Build configuration list for PBXNativeTarget "sfWeatherAppUITests" */;
			buildPhases = (
				9FA98F3522C724F100985200 /* Sources */,
				9FA98F3622C724F100985200 /* Frameworks */,
				9FA98F3722C724F100985200 /* Resources */,
			);
			buildRules = (
			);
			dependencies = (
				9FA98F3B22C724F100985200 /* PBXTargetDependency */,
			);
			name = sfWeatherAppUITests;
			productName = "sfWeatherApp-ios-mvvmUITests";
			productReference = 9FA98F3922C724F100985200 /* sfWeatherAppUITests.xctest */;
			productType = "com.apple.product-type.bundle.ui-testing";
		};
/* End PBXNativeTarget section */

/* Begin PBXProject section */
		9FA98F1222C724EE00985200 /* Project object */ = {
			isa = PBXProject;
			attributes = {
				LastSwiftUpdateCheck = 1020;
				LastUpgradeCheck = 1020;
				ORGANIZATIONNAME = "Stanley Fok";
				TargetAttributes = {
					9FA98F1922C724EE00985200 = {
						CreatedOnToolsVersion = 10.2.1;
					};
					9FA98F2D22C724F100985200 = {
						CreatedOnToolsVersion = 10.2.1;
						TestTargetID = 9FA98F1922C724EE00985200;
					};
					9FA98F3822C724F100985200 = {
						CreatedOnToolsVersion = 10.2.1;
						TestTargetID = 9FA98F1922C724EE00985200;
					};
				};
			};
			buildConfigurationList = 9FA98F1522C724EE00985200 /* Build configuration list for PBXProject "sfWeatherApp" */;
			compatibilityVersion = "Xcode 9.3";
			developmentRegion = en;
			hasScannedForEncodings = 0;
			knownRegions = (
				en,
				Base,
			);
			mainGroup = 9FA98F1122C724EE00985200;
			productRefGroup = 9FA98F1B22C724EE00985200 /* Products */;
			projectDirPath = "";
			projectRoot = "";
			targets = (
				9FA98F1922C724EE00985200 /* sfWeatherApp */,
				9FA98F2D22C724F100985200 /* sfWeatherAppTests */,
				9FA98F3822C724F100985200 /* sfWeatherAppUITests */,
			);
		};
/* End PBXProject section */

/* Begin PBXResourcesBuildPhase section */
		9FA98F1822C724EE00985200 /* Resources */ = {
			isa = PBXResourcesBuildPhase;
			buildActionMask = 2147483647;
			files = (
				9FA98F2822C724F100985200 /* LaunchScreen.storyboard in Resources */,
				9FA98F2522C724F100985200 /* Assets.xcassets in Resources */,
				9FA98F2322C724EF00985200 /* Main.storyboard in Resources */,
			);
			runOnlyForDeploymentPostprocessing = 0;
		};
		9FA98F2C22C724F100985200 /* Resources */ = {
			isa = PBXResourcesBuildPhase;
			buildActionMask = 2147483647;
			files = (
			);
			runOnlyForDeploymentPostprocessing = 0;
		};
		9FA98F3722C724F100985200 /* Resources */ = {
			isa = PBXResourcesBuildPhase;
			buildActionMask = 2147483647;
			files = (
			);
			runOnlyForDeploymentPostprocessing = 0;
		};
/* End PBXResourcesBuildPhase section */

/* Begin PBXShellScriptBuildPhase section */
		4EF7F72B1CFE78B7841194D2 /* [CP] Check Pods Manifest.lock */ = {
			isa = PBXShellScriptBuildPhase;
			buildActionMask = 2147483647;
			files = (
			);
			inputFileListPaths = (
			);
			inputPaths = (
				"${PODS_PODFILE_DIR_PATH}/Podfile.lock",
				"${PODS_ROOT}/Manifest.lock",
			);
			name = "[CP] Check Pods Manifest.lock";
			outputFileListPaths = (
			);
			outputPaths = (
				"$(DERIVED_FILE_DIR)/Pods-sfWeatherApp-checkManifestLockResult.txt",
			);
			runOnlyForDeploymentPostprocessing = 0;
			shellPath = /bin/sh;
			shellScript = "diff \"${PODS_PODFILE_DIR_PATH}/Podfile.lock\" \"${PODS_ROOT}/Manifest.lock\" > /dev/null\nif [ $? != 0 ] ; then\n    # print error to STDERR\n    echo \"error: The sandbox is not in sync with the Podfile.lock. Run 'pod install' or update your CocoaPods installation.\" >&2\n    exit 1\nfi\n# This output is used by Xcode 'outputs' to avoid re-running this script phase.\necho \"SUCCESS\" > \"${SCRIPT_OUTPUT_FILE_0}\"\n";
			showEnvVarsInLog = 0;
		};
		95F2A2C90283575E5AA8956F /* [CP] Embed Pods Frameworks */ = {
			isa = PBXShellScriptBuildPhase;
			buildActionMask = 2147483647;
			files = (
			);
			inputFileListPaths = (
			);
			inputPaths = (
				"${PODS_ROOT}/Target Support Files/Pods-sfWeatherApp/Pods-sfWeatherApp-frameworks.sh",
				"${BUILT_PRODUCTS_DIR}/SQLite.swift/SQLite.framework",
			);
			name = "[CP] Embed Pods Frameworks";
			outputFileListPaths = (
			);
			outputPaths = (
				"${TARGET_BUILD_DIR}/${FRAMEWORKS_FOLDER_PATH}/SQLite.framework",
			);
			runOnlyForDeploymentPostprocessing = 0;
			shellPath = /bin/sh;
			shellScript = "\"${PODS_ROOT}/Target Support Files/Pods-sfWeatherApp/Pods-sfWeatherApp-frameworks.sh\"\n";
			showEnvVarsInLog = 0;
		};
/* End PBXShellScriptBuildPhase section */

/* Begin PBXSourcesBuildPhase section */
		9FA98F1622C724EE00985200 /* Sources */ = {
			isa = PBXSourcesBuildPhase;
			buildActionMask = 2147483647;
			files = (
				9FF1FE6522C8C834000A517E /* SearchHistoryModel.swift in Sources */,
				9FF1FE6D22C9171C000A517E /* SearchHistoryTableViewCellViewModel.swift in Sources */,
				9FA98F4D22C7476B00985200 /* HomeViewModel.swift in Sources */,
				9FA98F5322C74DAE00985200 /* HomeViewController.swift in Sources */,
				9FF1FE6322C8C0FD000A517E /* BaseSQLiteRepository.swift in Sources */,
				9FA98F5D22C76B2800985200 /* OWService.swift in Sources */,
				9FA98F5722C7507700985200 /* OWModel.swift in Sources */,
				9FA98F5F22C7B50600985200 /* BaseService.swift in Sources */,
				9FA98F6222C7E98600985200 /* UIViewController+Keyboard.swift in Sources */,
				9FF1FE6922C91038000A517E /* Date+Timestamp.swift in Sources */,
				9FA98F6422C8138A00985200 /* SearchHistoryViewController.swift in Sources */,
				9FA98F5922C760C100985200 /* Dynamic.swift in Sources */,
				9FF1FE5F22C88E06000A517E /* SearchHistoryRepository.swift in Sources */,
				9FF1FE6722C8F9D4000A517E /* SearchHistoryViewModel.swift in Sources */,
				9FA98F1E22C724EF00985200 /* AppDelegate.swift in Sources */,
			);
			runOnlyForDeploymentPostprocessing = 0;
		};
		9FA98F2A22C724F100985200 /* Sources */ = {
			isa = PBXSourcesBuildPhase;
			buildActionMask = 2147483647;
			files = (
				9FA98F3322C724F100985200 /* sfWeatherAppTests.swift in Sources */,
			);
			runOnlyForDeploymentPostprocessing = 0;
		};
		9FA98F3522C724F100985200 /* Sources */ = {
			isa = PBXSourcesBuildPhase;
			buildActionMask = 2147483647;
			files = (
				9FA98F3E22C724F100985200 /* sfWeatherAppUITests.swift in Sources */,
			);
			runOnlyForDeploymentPostprocessing = 0;
		};
/* End PBXSourcesBuildPhase section */

/* Begin PBXTargetDependency section */
		9FA98F3022C724F100985200 /* PBXTargetDependency */ = {
			isa = PBXTargetDependency;
			target = 9FA98F1922C724EE00985200 /* sfWeatherApp */;
			targetProxy = 9FA98F2F22C724F100985200 /* PBXContainerItemProxy */;
		};
		9FA98F3B22C724F100985200 /* PBXTargetDependency */ = {
			isa = PBXTargetDependency;
			target = 9FA98F1922C724EE00985200 /* sfWeatherApp */;
			targetProxy = 9FA98F3A22C724F100985200 /* PBXContainerItemProxy */;
		};
/* End PBXTargetDependency section */

/* Begin PBXVariantGroup section */
		9FA98F2122C724EF00985200 /* Main.storyboard */ = {
			isa = PBXVariantGroup;
			children = (
				9FA98F2222C724EF00985200 /* Base */,
			);
			name = Main.storyboard;
			sourceTree = "<group>";
		};
		9FA98F2622C724F100985200 /* LaunchScreen.storyboard */ = {
			isa = PBXVariantGroup;
			children = (
				9FA98F2722C724F100985200 /* Base */,
			);
			name = LaunchScreen.storyboard;
			sourceTree = "<group>";
		};
/* End PBXVariantGroup section */

/* Begin XCBuildConfiguration section */
		9FA98F4022C724F100985200 /* Debug */ = {
			isa = XCBuildConfiguration;
			buildSettings = {
				ALWAYS_SEARCH_USER_PATHS = NO;
				CLANG_ANALYZER_NONNULL = YES;
				CLANG_ANALYZER_NUMBER_OBJECT_CONVERSION = YES_AGGRESSIVE;
				CLANG_CXX_LANGUAGE_STANDARD = "gnu++14";
				CLANG_CXX_LIBRARY = "libc++";
				CLANG_ENABLE_MODULES = YES;
				CLANG_ENABLE_OBJC_ARC = YES;
				CLANG_ENABLE_OBJC_WEAK = YES;
				CLANG_WARN_BLOCK_CAPTURE_AUTORELEASING = YES;
				CLANG_WARN_BOOL_CONVERSION = YES;
				CLANG_WARN_COMMA = YES;
				CLANG_WARN_CONSTANT_CONVERSION = YES;
				CLANG_WARN_DEPRECATED_OBJC_IMPLEMENTATIONS = YES;
				CLANG_WARN_DIRECT_OBJC_ISA_USAGE = YES_ERROR;
				CLANG_WARN_DOCUMENTATION_COMMENTS = YES;
				CLANG_WARN_EMPTY_BODY = YES;
				CLANG_WARN_ENUM_CONVERSION = YES;
				CLANG_WARN_INFINITE_RECURSION = YES;
				CLANG_WARN_INT_CONVERSION = YES;
				CLANG_WARN_NON_LITERAL_NULL_CONVERSION = YES;
				CLANG_WARN_OBJC_IMPLICIT_RETAIN_SELF = YES;
				CLANG_WARN_OBJC_LITERAL_CONVERSION = YES;
				CLANG_WARN_OBJC_ROOT_CLASS = YES_ERROR;
				CLANG_WARN_RANGE_LOOP_ANALYSIS = YES;
				CLANG_WARN_STRICT_PROTOTYPES = YES;
				CLANG_WARN_SUSPICIOUS_MOVE = YES;
				CLANG_WARN_UNGUARDED_AVAILABILITY = YES_AGGRESSIVE;
				CLANG_WARN_UNREACHABLE_CODE = YES;
				CLANG_WARN__DUPLICATE_METHOD_MATCH = YES;
				CODE_SIGN_IDENTITY = "iPhone Developer";
				COPY_PHASE_STRIP = NO;
				DEBUG_INFORMATION_FORMAT = dwarf;
				ENABLE_STRICT_OBJC_MSGSEND = YES;
				ENABLE_TESTABILITY = YES;
				GCC_C_LANGUAGE_STANDARD = gnu11;
				GCC_DYNAMIC_NO_PIC = NO;
				GCC_NO_COMMON_BLOCKS = YES;
				GCC_OPTIMIZATION_LEVEL = 0;
				GCC_PREPROCESSOR_DEFINITIONS = (
					"DEBUG=1",
					"$(inherited)",
				);
				GCC_WARN_64_TO_32_BIT_CONVERSION = YES;
				GCC_WARN_ABOUT_RETURN_TYPE = YES_ERROR;
				GCC_WARN_UNDECLARED_SELECTOR = YES;
				GCC_WARN_UNINITIALIZED_AUTOS = YES_AGGRESSIVE;
				GCC_WARN_UNUSED_FUNCTION = YES;
				GCC_WARN_UNUSED_VARIABLE = YES;
				IPHONEOS_DEPLOYMENT_TARGET = 12.2;
				MTL_ENABLE_DEBUG_INFO = INCLUDE_SOURCE;
				MTL_FAST_MATH = YES;
				ONLY_ACTIVE_ARCH = YES;
				SDKROOT = iphoneos;
				SWIFT_ACTIVE_COMPILATION_CONDITIONS = DEBUG;
				SWIFT_OPTIMIZATION_LEVEL = "-Onone";
			};
			name = Debug;
		};
		9FA98F4122C724F100985200 /* Release */ = {
			isa = XCBuildConfiguration;
			buildSettings = {
				ALWAYS_SEARCH_USER_PATHS = NO;
				CLANG_ANALYZER_NONNULL = YES;
				CLANG_ANALYZER_NUMBER_OBJECT_CONVERSION = YES_AGGRESSIVE;
				CLANG_CXX_LANGUAGE_STANDARD = "gnu++14";
				CLANG_CXX_LIBRARY = "libc++";
				CLANG_ENABLE_MODULES = YES;
				CLANG_ENABLE_OBJC_ARC = YES;
				CLANG_ENABLE_OBJC_WEAK = YES;
				CLANG_WARN_BLOCK_CAPTURE_AUTORELEASING = YES;
				CLANG_WARN_BOOL_CONVERSION = YES;
				CLANG_WARN_COMMA = YES;
				CLANG_WARN_CONSTANT_CONVERSION = YES;
				CLANG_WARN_DEPRECATED_OBJC_IMPLEMENTATIONS = YES;
				CLANG_WARN_DIRECT_OBJC_ISA_USAGE = YES_ERROR;
				CLANG_WARN_DOCUMENTATION_COMMENTS = YES;
				CLANG_WARN_EMPTY_BODY = YES;
				CLANG_WARN_ENUM_CONVERSION = YES;
				CLANG_WARN_INFINITE_RECURSION = YES;
				CLANG_WARN_INT_CONVERSION = YES;
				CLANG_WARN_NON_LITERAL_NULL_CONVERSION = YES;
				CLANG_WARN_OBJC_IMPLICIT_RETAIN_SELF = YES;
				CLANG_WARN_OBJC_LITERAL_CONVERSION = YES;
				CLANG_WARN_OBJC_ROOT_CLASS = YES_ERROR;
				CLANG_WARN_RANGE_LOOP_ANALYSIS = YES;
				CLANG_WARN_STRICT_PROTOTYPES = YES;
				CLANG_WARN_SUSPICIOUS_MOVE = YES;
				CLANG_WARN_UNGUARDED_AVAILABILITY = YES_AGGRESSIVE;
				CLANG_WARN_UNREACHABLE_CODE = YES;
				CLANG_WARN__DUPLICATE_METHOD_MATCH = YES;
				CODE_SIGN_IDENTITY = "iPhone Developer";
				COPY_PHASE_STRIP = NO;
				DEBUG_INFORMATION_FORMAT = "dwarf-with-dsym";
				ENABLE_NS_ASSERTIONS = NO;
				ENABLE_STRICT_OBJC_MSGSEND = YES;
				GCC_C_LANGUAGE_STANDARD = gnu11;
				GCC_NO_COMMON_BLOCKS = YES;
				GCC_WARN_64_TO_32_BIT_CONVERSION = YES;
				GCC_WARN_ABOUT_RETURN_TYPE = YES_ERROR;
				GCC_WARN_UNDECLARED_SELECTOR = YES;
				GCC_WARN_UNINITIALIZED_AUTOS = YES_AGGRESSIVE;
				GCC_WARN_UNUSED_FUNCTION = YES;
				GCC_WARN_UNUSED_VARIABLE = YES;
				IPHONEOS_DEPLOYMENT_TARGET = 12.2;
				MTL_ENABLE_DEBUG_INFO = NO;
				MTL_FAST_MATH = YES;
				SDKROOT = iphoneos;
				SWIFT_COMPILATION_MODE = wholemodule;
				SWIFT_OPTIMIZATION_LEVEL = "-O";
				VALIDATE_PRODUCT = YES;
			};
			name = Release;
		};
		9FA98F4322C724F100985200 /* Debug */ = {
			isa = XCBuildConfiguration;
			baseConfigurationReference = 0255D74C8874EC13091A789A /* Pods-sfWeatherApp.debug.xcconfig */;
			buildSettings = {
				ASSETCATALOG_COMPILER_APPICON_NAME = AppIcon;
				CODE_SIGN_STYLE = Automatic;
				INFOPLIST_FILE = sfWeatherApp/Info.plist;
				LD_RUNPATH_SEARCH_PATHS = (
					"$(inherited)",
					"@executable_path/Frameworks",
				);
				PRODUCT_BUNDLE_IDENTIFIER = stanleyfok.sfWeatherApp;
				PRODUCT_NAME = "$(TARGET_NAME)";
				SWIFT_VERSION = 5.0;
				TARGETED_DEVICE_FAMILY = "1,2";
			};
			name = Debug;
		};
		9FA98F4422C724F100985200 /* Release */ = {
			isa = XCBuildConfiguration;
			baseConfigurationReference = CF794206D5D9A8D2CBFACF5D /* Pods-sfWeatherApp.release.xcconfig */;
			buildSettings = {
				ASSETCATALOG_COMPILER_APPICON_NAME = AppIcon;
				CODE_SIGN_STYLE = Automatic;
				INFOPLIST_FILE = sfWeatherApp/Info.plist;
				LD_RUNPATH_SEARCH_PATHS = (
					"$(inherited)",
					"@executable_path/Frameworks",
				);
				PRODUCT_BUNDLE_IDENTIFIER = stanleyfok.sfWeatherApp;
				PRODUCT_NAME = "$(TARGET_NAME)";
				SWIFT_VERSION = 5.0;
				TARGETED_DEVICE_FAMILY = "1,2";
			};
			name = Release;
		};
		9FA98F4622C724F100985200 /* Debug */ = {
			isa = XCBuildConfiguration;
			buildSettings = {
				ALWAYS_EMBED_SWIFT_STANDARD_LIBRARIES = YES;
				BUNDLE_LOADER = "$(TEST_HOST)";
				CODE_SIGN_STYLE = Automatic;
				INFOPLIST_FILE = sfWeatherAppTests/Info.plist;
				LD_RUNPATH_SEARCH_PATHS = (
					"$(inherited)",
					"@executable_path/Frameworks",
					"@loader_path/Frameworks",
				);
				PRODUCT_BUNDLE_IDENTIFIER = stanleyfok.sfWeatherAppTests;
				PRODUCT_NAME = "$(TARGET_NAME)";
				SWIFT_VERSION = 5.0;
				TARGETED_DEVICE_FAMILY = "1,2";
				TEST_HOST = "$(BUILT_PRODUCTS_DIR)/sfWeatherApp.app/sfWeatherApp";
			};
			name = Debug;
		};
		9FA98F4722C724F100985200 /* Release */ = {
			isa = XCBuildConfiguration;
			buildSettings = {
				ALWAYS_EMBED_SWIFT_STANDARD_LIBRARIES = YES;
				BUNDLE_LOADER = "$(TEST_HOST)";
				CODE_SIGN_STYLE = Automatic;
				INFOPLIST_FILE = sfWeatherAppTests/Info.plist;
				LD_RUNPATH_SEARCH_PATHS = (
					"$(inherited)",
					"@executable_path/Frameworks",
					"@loader_path/Frameworks",
				);
				PRODUCT_BUNDLE_IDENTIFIER = stanleyfok.sfWeatherAppTests;
				PRODUCT_NAME = "$(TARGET_NAME)";
				SWIFT_VERSION = 5.0;
				TARGETED_DEVICE_FAMILY = "1,2";
				TEST_HOST = "$(BUILT_PRODUCTS_DIR)/sfWeatherApp.app/sfWeatherApp";
			};
			name = Release;
		};
		9FA98F4922C724F100985200 /* Debug */ = {
			isa = XCBuildConfiguration;
			buildSettings = {
				ALWAYS_EMBED_SWIFT_STANDARD_LIBRARIES = YES;
				CODE_SIGN_STYLE = Automatic;
				INFOPLIST_FILE = sfWeatherAppUITests/Info.plist;
				LD_RUNPATH_SEARCH_PATHS = (
					"$(inherited)",
					"@executable_path/Frameworks",
					"@loader_path/Frameworks",
				);
				PRODUCT_BUNDLE_IDENTIFIER = stanleyfok.sfWeatherAppUITests;
				PRODUCT_NAME = "$(TARGET_NAME)";
				SWIFT_VERSION = 5.0;
				TARGETED_DEVICE_FAMILY = "1,2";
				TEST_TARGET_NAME = sfWeatherApp;
			};
			name = Debug;
		};
		9FA98F4A22C724F100985200 /* Release */ = {
			isa = XCBuildConfiguration;
			buildSettings = {
				ALWAYS_EMBED_SWIFT_STANDARD_LIBRARIES = YES;
				CODE_SIGN_STYLE = Automatic;
				INFOPLIST_FILE = sfWeatherAppUITests/Info.plist;
				LD_RUNPATH_SEARCH_PATHS = (
					"$(inherited)",
					"@executable_path/Frameworks",
					"@loader_path/Frameworks",
				);
				PRODUCT_BUNDLE_IDENTIFIER = stanleyfok.sfWeatherAppUITests;
				PRODUCT_NAME = "$(TARGET_NAME)";
				SWIFT_VERSION = 5.0;
				TARGETED_DEVICE_FAMILY = "1,2";
				TEST_TARGET_NAME = sfWeatherApp;
			};
			name = Release;
		};
/* End XCBuildConfiguration section */

/* Begin XCConfigurationList section */
		9FA98F1522C724EE00985200 /* Build configuration list for PBXProject "sfWeatherApp" */ = {
			isa = XCConfigurationList;
			buildConfigurations = (
				9FA98F4022C724F100985200 /* Debug */,
				9FA98F4122C724F100985200 /* Release */,
			);
			defaultConfigurationIsVisible = 0;
			defaultConfigurationName = Release;
		};
		9FA98F4222C724F100985200 /* Build configuration list for PBXNativeTarget "sfWeatherApp" */ = {
			isa = XCConfigurationList;
			buildConfigurations = (
				9FA98F4322C724F100985200 /* Debug */,
				9FA98F4422C724F100985200 /* Release */,
			);
			defaultConfigurationIsVisible = 0;
			defaultConfigurationName = Release;
		};
		9FA98F4522C724F100985200 /* Build configuration list for PBXNativeTarget "sfWeatherAppTests" */ = {
			isa = XCConfigurationList;
			buildConfigurations = (
				9FA98F4622C724F100985200 /* Debug */,
				9FA98F4722C724F100985200 /* Release */,
			);
			defaultConfigurationIsVisible = 0;
			defaultConfigurationName = Release;
		};
		9FA98F4822C724F100985200 /* Build configuration list for PBXNativeTarget "sfWeatherAppUITests" */ = {
			isa = XCConfigurationList;
			buildConfigurations = (
				9FA98F4922C724F100985200 /* Debug */,
				9FA98F4A22C724F100985200 /* Release */,
			);
			defaultConfigurationIsVisible = 0;
			defaultConfigurationName = Release;
		};
/* End XCConfigurationList section */
	};
	rootObject = 9FA98F1222C724EE00985200 /* Project object */;
}
